
Microsoft Visual Studio Solution File, Format Version 12.00
# Visual Studio Version 16
VisualStudioVersion = 16.0.28922.388
MinimumVisualStudioVersion = 10.0.40219.1
Project("{FAE04EC0-301F-11D3-BF4B-00C04F79EFBC}") = "ApiCrudNHibernate", "ApiCrudNHibernate.csproj", "{881714B0-2127-4D5D-9475-2A5476369E06}"
EndProject
Global
	GlobalSection(SolutionConfigurationPlatforms) = preSolution
		Debug|Any CPU = Debug|Any CPU
		Release|Any CPU = Release|Any CPU
	EndGlobalSection
	GlobalSection(ProjectConfigurationPlatforms) = postSolution
		{881714B0-2127-4D5D-9475-2A5476369E06}.Debug|Any CPU.ActiveCfg = Debug|Any CPU
		{881714B0-2127-4D5D-9475-2A5476369E06}.Debug|Any CPU.Build.0 = Debug|Any CPU
		{881714B0-2127-4D5D-9475-2A5476369E06}.Release|Any CPU.ActiveCfg = Release|Any CPU
		{881714B0-2127-4D5D-9475-2A5476369E06}.Release|Any CPU.Build.0 = Release|Any CPU
	EndGlobalSection
	GlobalSection(SolutionProperties) = preSolution
		HideSolutionNode = FALSE
	EndGlobalSection
	GlobalSection(ExtensibilityGlobals) = postSolution
		SolutionGuid = {0930C021-2A5E-4881-9F30-02F00BEDD1ED}
	EndGlobalSection
EndGlobal
